dependencies:
  idf:
    source:
      type: idf
    version: 5.5.4
  joltwallet/littlefs:
    component_hash: fab83a8a57de01b05441557d78e9d10c755413a1836af4b2762b539add0c14b1
    dependencies:
    - name: idf
      require: private
      version: '>=5.0'
    source:
      registry_url: https://components.espressif.com/
      type: service
    version: 1.22.2
direct_dependencies:
- idf
- joltwallet/littlefs
manifest_hash: aeeec14a21842b9b1ff24fd6b5d80571ee45bff47b3ca4c1ac19fdc18bf45934
target: esp32c3
version: 2.0.0
